
Microsoft Visual Studio Solution File, Format Version 12.00
# Visual Studio 15
VisualStudioVersion = 15.0.28010.0
MinimumVisualStudioVersion = 10.0.40219.1
Project("{FAE04EC0-301F-11D3-BF4B-00C04F79EFBC}") = "Monash.Card.Web", "Monash.Card\Monash.Card.Web.csproj", "{7F1F5772-53E5-48E5-A359-3DD7ACD08F1A}"
EndProject
Project("{FAE04EC0-301F-11D3-BF4B-00C04F79EFBC}") = "Monash.Card.Api", "Monash.Card.Api\Monash.Card.Api.csproj", "{24794980-1FFA-4502-8E7C-5C5E396DC3C4}"
EndProject
Global
	GlobalSection(SolutionConfigurationPlatforms) = preSolution
		Debug|Any CPU = Debug|Any CPU
		Release|Any CPU = Release|Any CPU
	EndGlobalSection
	GlobalSection(ProjectConfigurationPlatforms) = postSolution
		{7F1F5772-53E5-48E5-A359-3DD7ACD08F1A}.Debug|Any CPU.ActiveCfg = Debug|Any CPU
		{7F1F5772-53E5-48E5-A359-3DD7ACD08F1A}.Debug|Any CPU.Build.0 = Debug|Any CPU
		{7F1F5772-53E5-48E5-A359-3DD7ACD08F1A}.Release|Any CPU.ActiveCfg = Release|Any CPU
		{7F1F5772-53E5-48E5-A359-3DD7ACD08F1A}.Release|Any CPU.Build.0 = Release|Any CPU
		{24794980-1FFA-4502-8E7C-5C5E396DC3C4}.Debug|Any CPU.ActiveCfg = Debug|Any CPU
		{24794980-1FFA-4502-8E7C-5C5E396DC3C4}.Debug|Any CPU.Build.0 = Debug|Any CPU
		{24794980-1FFA-4502-8E7C-5C5E396DC3C4}.Release|Any CPU.ActiveCfg = Release|Any CPU
		{24794980-1FFA-4502-8E7C-5C5E396DC3C4}.Release|Any CPU.Build.0 = Release|Any CPU
	EndGlobalSection
	GlobalSection(SolutionProperties) = preSolution
		HideSolutionNode = FALSE
	EndGlobalSection
	GlobalSection(ExtensibilityGlobals) = postSolution
		SolutionGuid = {61F666B5-A64C-460C-BA33-3261D71D2E44}
	EndGlobalSection
EndGlobal
